{
  "version": 4,
  "terraform_version": "1.14.0",
  "serial": 3,
  "lineage": "e4617c70-7396-7775-5932-c0e4f328b3fc",
  "outputs": {},
  "resources": [
    {
      "mode": "managed",
      "type": "fabric_workspace",
      "name": "main",
      "provider": "provider[\"registry.terraform.io/microsoft/fabric\"]",
      "instances": [
        {
          "schema_version": 0,
          "attributes": {
            "capacity_assignment_progress": "Completed",
            "capacity_id": "3BB1DEAD-7437-4718-AB7A-20787920F2E4",
            "description": "",
            "display_name": "enterprise-dl",
            "id": "e3bbd7ee-1d5d-4d46-acf7-116dee4ad9af",
            "identity": null,
            "timeouts": null,
            "type": "Workspace"
          },
          "sensitive_attributes": [],
          "identity_schema_version": 0
        }
      ]
    }
  ],
  "check_results": null
}
